// !$*UTF8*$!
{
	archiveVersion = 1;
	classes = {
	};
	objectVersion = 50;
	objects = {

/* Begin PBXBuildFile section */
		ACFCB11A22BE0E65007DF927 /* AppDelegate.swift in Sources */ = {isa = PBXBuildFile; fileRef = ACFCB11922BE0E65007DF927 /* AppDelegate.swift */; };
		ACFCB11C22BE0E65007DF927 /* ViewController.swift in Sources */ = {isa = PBXBuildFile; fileRef = ACFCB11B22BE0E65007DF927 /* ViewController.swift */; };
		ACFCB11F22BE0E65007DF927 /* Main.storyboard in Resources */ = {isa = PBXBuildFile; fileRef = ACFCB11D22BE0E65007DF927 /* Main.storyboard */; };
		ACFCB12122BE0E66007DF927 /* Assets.xcassets in Resources */ = {isa = PBXBuildFile; fileRef = ACFCB12022BE0E66007DF927 /* Assets.xcassets */; };
		ACFCB12422BE0E66007DF927 /* LaunchScreen.storyboard in Resources */ = {isa = PBXBuildFile; fileRef = ACFCB12222BE0E66007DF927 /* LaunchScreen.storyboard */; };
		ACFCB12F22BE0E66007DF927 /* SlideshowAppTests.swift in Sources */ = {isa = PBXBuildFile; fileRef = ACFCB12E22BE0E66007DF927 /* SlideshowAppTests.swift */; };
		ACFCB13A22BE0E66007DF927 /* SlideshowAppUITests.swift in Sources */ = {isa = PBXBuildFile; fileRef = ACFCB13922BE0E66007DF927 /* SlideshowAppUITests.swift */; };
		ACFCB14822BE0EF8007DF927 /* pickViewController.swift in Sources */ = {isa = PBXBuildFile; fileRef = ACFCB14722BE0EF8007DF927 /* pickViewController.swift */; };
		ACFCB14A22BE1014007DF927 /* IMG_0966.JPG in Resources */ = {isa = PBXBuildFile; fileRef = ACFCB14922BE1014007DF927 /* IMG_0966.JPG */; };
		ACFCB14C22BE101F007DF927 /* fukuro.JPG in Resources */ = {isa = PBXBuildFile; fileRef = ACFCB14B22BE101F007DF927 /* fukuro.JPG */; };
		ACFCB14E22BE1024007DF927 /* jeans.JPG in Resources */ = {isa = PBXBuildFile; fileRef = ACFCB14D22BE1024007DF927 /* jeans.JPG */; };
		ACFCB15022BE102A007DF927 /* canon.JPG in Resources */ = {isa = PBXBuildFile; fileRef = ACFCB14F22BE102A007DF927 /* canon.JPG */; };
/* End PBXBuildFile section */

/* Begin PBXContainerItemProxy section */
		ACFCB12B22BE0E66007DF927 /* PBXContainerItemProxy */ = {
			isa = PBXContainerItemProxy;
			containerPortal = ACFCB10E22BE0E65007DF927 /* Project object */;
			proxyType = 1;
			remoteGlobalIDString = ACFCB11522BE0E65007DF927;
			remoteInfo = SlideshowApp;
		};
		ACFCB13622BE0E66007DF927 /* PBXContainerItemProxy */ = {
			isa = PBXContainerItemProxy;
			containerPortal = ACFCB10E22BE0E65007DF927 /* Project object */;
			proxyType = 1;
			remoteGlobalIDString = ACFCB11522BE0E65007DF927;
			remoteInfo = SlideshowApp;
		};
/* End PBXContainerItemProxy section */

/* Begin PBXFileReference section */
		ACFCB11622BE0E65007DF927 /* SlideshowApp.app */ = {isa = PBXFileReference; explicitFileType = wrapper.application; includeInIndex = 0; path = SlideshowApp.app; sourceTree = BUILT_PRODUCTS_DIR; };
		ACFCB11922BE0E65007DF927 /* AppDelegate.swift */ = {isa = PBXFileReference; lastKnownFileType = sourcecode.swift; path = AppDelegate.swift; sourceTree = "<group>"; };
		ACFCB11B22BE0E65007DF927 /* ViewController.swift */ = {isa = PBXFileReference; lastKnownFileType = sourcecode.swift; path = ViewController.swift; sourceTree = "<group>"; };
		ACFCB11E22BE0E65007DF927 /* Base */ = {isa = PBXFileReference; lastKnownFileType = file.storyboard; name = Base; path = Base.lproj/Main.storyboard; sourceTree = "<group>"; };
		ACFCB12022BE0E66007DF927 /* Assets.xcassets */ = {isa = PBXFileReference; lastKnownFileType = folder.assetcatalog; path = Assets.xcassets; sourceTree = "<group>"; };
		ACFCB12322BE0E66007DF927 /* Base */ = {isa = PBXFileReference; lastKnownFileType = file.storyboard; name = Base; path = Base.lproj/LaunchScreen.storyboard; sourceTree = "<group>"; };
		ACFCB12522BE0E66007DF927 /* Info.plist */ = {isa = PBXFileReference; lastKnownFileType = text.plist.xml; path = Info.plist; sourceTree = "<group>"; };
		ACFCB12A22BE0E66007DF927 /* SlideshowAppTests.xctest */ = {isa = PBXFileReference; explicitFileType = wrapper.cfbundle; includeInIndex = 0; path = SlideshowAppTests.xctest; sourceTree = BUILT_PRODUCTS_DIR; };
		ACFCB12E22BE0E66007DF927 /* SlideshowAppTests.swift */ = {isa = PBXFileReference; lastKnownFileType = sourcecode.swift; path = SlideshowAppTests.swift; sourceTree = "<group>"; };
		ACFCB13022BE0E66007DF927 /* Info.plist */ = {isa = PBXFileReference; lastKnownFileType = text.plist.xml; path = Info.plist; sourceTree = "<group>"; };
		ACFCB13522BE0E66007DF927 /* SlideshowAppUITests.xctest */ = {isa = PBXFileReference; explicitFileType = wrapper.cfbundle; includeInIndex = 0; path = SlideshowAppUITests.xctest; sourceTree = BUILT_PRODUCTS_DIR; };
		ACFCB13922BE0E66007DF927 /* SlideshowAppUITests.swift */ = {isa = PBXFileReference; lastKnownFileType = sourcecode.swift; path = SlideshowAppUITests.swift; sourceTree = "<group>"; };
		ACFCB13B22BE0E66007DF927 /* Info.plist */ = {isa = PBXFileReference; lastKnownFileType = text.plist.xml; path = Info.plist; sourceTree = "<group>"; };
		ACFCB14722BE0EF8007DF927 /* pickViewController.swift */ = {isa = PBXFileReference; lastKnownFileType = sourcecode.swift; path = pickViewController.swift; sourceTree = "<group>"; };
		ACFCB14922BE1014007DF927 /* IMG_0966.JPG */ = {isa = PBXFileReference; lastKnownFileType = image.jpeg; path = IMG_0966.JPG; sourceTree = "<group>"; };
		ACFCB14B22BE101F007DF927 /* fukuro.JPG */ = {isa = PBXFileReference; lastKnownFileType = image.jpeg; path = fukuro.JPG; sourceTree = "<group>"; };
		ACFCB14D22BE1024007DF927 /* jeans.JPG */ = {isa = PBXFileReference; lastKnownFileType = image.jpeg; path = jeans.JPG; sourceTree = "<group>"; };
		ACFCB14F22BE102A007DF927 /* canon.JPG */ = {isa = PBXFileReference; lastKnownFileType = image.jpeg; path = canon.JPG; sourceTree = "<group>"; };
/* End PBXFileReference section */

/* Begin PBXFrameworksBuildPhase section */
		ACFCB11322BE0E65007DF927 /* Frameworks */ = {
			isa = PBXFrameworksBuildPhase;
			buildActionMask = 2147483647;
			files = (
			);
			runOnlyForDeploymentPostprocessing = 0;
		};
		ACFCB12722BE0E66007DF927 /* Frameworks */ = {
			isa = PBXFrameworksBuildPhase;
			buildActionMask = 2147483647;
			files = (
			);
			runOnlyForDeploymentPostprocessing = 0;
		};
		ACFCB13222BE0E66007DF927 /* Frameworks */ = {
			isa = PBXFrameworksBuildPhase;
			buildActionMask = 2147483647;
			files = (
			);
			runOnlyForDeploymentPostprocessing = 0;
		};
/* End PBXFrameworksBuildPhase section */

/* Begin PBXGroup section */
		ACFCB10D22BE0E65007DF927 = {
			isa = PBXGroup;
			children = (
				ACFCB11822BE0E65007DF927 /* SlideshowApp */,
				ACFCB12D22BE0E66007DF927 /* SlideshowAppTests */,
				ACFCB13822BE0E66007DF927 /* SlideshowAppUITests */,
				ACFCB11722BE0E65007DF927 /* Products */,
			);
			sourceTree = "<group>";
		};
		ACFCB11722BE0E65007DF927 /* Products */ = {
			isa = PBXGroup;
			children = (
				ACFCB11622BE0E65007DF927 /* SlideshowApp.app */,
				ACFCB12A22BE0E66007DF927 /* SlideshowAppTests.xctest */,
				ACFCB13522BE0E66007DF927 /* SlideshowAppUITests.xctest */,
			);
			name = Products;
			sourceTree = "<group>";
		};
		ACFCB11822BE0E65007DF927 /* SlideshowApp */ = {
			isa = PBXGroup;
			children = (
				ACFCB14922BE1014007DF927 /* IMG_0966.JPG */,
				ACFCB14B22BE101F007DF927 /* fukuro.JPG */,
				ACFCB14D22BE1024007DF927 /* jeans.JPG */,
				ACFCB14F22BE102A007DF927 /* canon.JPG */,
				ACFCB11922BE0E65007DF927 /* AppDelegate.swift */,
				ACFCB11B22BE0E65007DF927 /* ViewController.swift */,
				ACFCB11D22BE0E65007DF927 /* Main.storyboard */,
				ACFCB12022BE0E66007DF927 /* Assets.xcassets */,
				ACFCB12222BE0E66007DF927 /* LaunchScreen.storyboard */,
				ACFCB12522BE0E66007DF927 /* Info.plist */,
				ACFCB14722BE0EF8007DF927 /* pickViewController.swift */,
			);
			path = SlideshowApp;
			sourceTree = "<group>";
		};
		ACFCB12D22BE0E66007DF927 /* SlideshowAppTests */ = {
			isa = PBXGroup;
			children = (
				ACFCB12E22BE0E66007DF927 /* SlideshowAppTests.swift */,
				ACFCB13022BE0E66007DF927 /* Info.plist */,
			);
			path = SlideshowAppTests;
			sourceTree = "<group>";
		};
		ACFCB13822BE0E66007DF927 /* SlideshowAppUITests */ = {
			isa = PBXGroup;
			children = (
				ACFCB13922BE0E66007DF927 /* SlideshowAppUITests.swift */,
				ACFCB13B22BE0E66007DF927 /* Info.plist */,
			);
			path = SlideshowAppUITests;
			sourceTree = "<group>";
		};
/* End PBXGroup section */

/* Begin PBXNativeTarget section */
		ACFCB11522BE0E65007DF927 /* SlideshowApp */ = {
			isa = PBXNativeTarget;
			buildConfigurationList = ACFCB13E22BE0E66007DF927 /* Build configuration list for PBXNativeTarget "SlideshowApp" */;
			buildPhases = (
				ACFCB11222BE0E65007DF927 /* Sources */,
				ACFCB11322BE0E65007DF927 /* Frameworks */,
				ACFCB11422BE0E65007DF927 /* Resources */,
			);
			buildRules = (
			);
			dependencies = (
			);
			name = SlideshowApp;
			productName = SlideshowApp;
			productReference = ACFCB11622BE0E65007DF927 /* SlideshowApp.app */;
			productType = "com.apple.product-type.application";
		};
		ACFCB12922BE0E66007DF927 /* SlideshowAppTests */ = {
			isa = PBXNativeTarget;
			buildConfigurationList = ACFCB14122BE0E66007DF927 /* Build configuration list for PBXNativeTarget "SlideshowAppTests" */;
			buildPhases = (
				ACFCB12622BE0E66007DF927 /* Sources */,
				ACFCB12722BE0E66007DF927 /* Frameworks */,
				ACFCB12822BE0E66007DF927 /* Resources */,
			);
			buildRules = (
			);
			dependencies = (
				ACFCB12C22BE0E66007DF927 /* PBXTargetDependency */,
			);
			name = SlideshowAppTests;
			productName = SlideshowAppTests;
			productReference = ACFCB12A22BE0E66007DF927 /* SlideshowAppTests.xctest */;
			productType = "com.apple.product-type.bundle.unit-test";
		};
		ACFCB13422BE0E66007DF927 /* SlideshowAppUITests */ = {
			isa = PBXNativeTarget;
			buildConfigurationList = ACFCB14422BE0E66007DF927 /* Build configuration list for PBXNativeTarget "SlideshowAppUITests" */;
			buildPhases = (
				ACFCB13122BE0E66007DF927 /* Sources */,
				ACFCB13222BE0E66007DF927 /* Frameworks */,
				ACFCB13322BE0E66007DF927 /* Resources */,
			);
			buildRules = (
			);
			dependencies = (
				ACFCB13722BE0E66007DF927 /* PBXTargetDependency */,
			);
			name = SlideshowAppUITests;
			productName = SlideshowAppUITests;
			productReference = ACFCB13522BE0E66007DF927 /* SlideshowAppUITests.xctest */;
			productType = "com.apple.product-type.bundle.ui-testing";
		};
/* End PBXNativeTarget section */

/* Begin PBXProject section */
		ACFCB10E22BE0E65007DF927 /* Project object */ = {
			isa = PBXProject;
			attributes = {
				LastSwiftUpdateCheck = 1010;
				LastUpgradeCheck = 1010;
				ORGANIZATIONNAME = Hinata10;
				TargetAttributes = {
					ACFCB11522BE0E65007DF927 = {
						CreatedOnToolsVersion = 10.1;
					};
					ACFCB12922BE0E66007DF927 = {
						CreatedOnToolsVersion = 10.1;
						TestTargetID = ACFCB11522BE0E65007DF927;
					};
					ACFCB13422BE0E66007DF927 = {
						CreatedOnToolsVersion = 10.1;
						TestTargetID = ACFCB11522BE0E65007DF927;
					};
				};
			};
			buildConfigurationList = ACFCB11122BE0E65007DF927 /* Build configuration list for PBXProject "SlideshowApp" */;
			compatibilityVersion = "Xcode 9.3";
			developmentRegion = en;
			hasScannedForEncodings = 0;
			knownRegions = (
				en,
				Base,
			);
			mainGroup = ACFCB10D22BE0E65007DF927;
			productRefGroup = ACFCB11722BE0E65007DF927 /* Products */;
			projectDirPath = "";
			projectRoot = "";
			targets = (
				ACFCB11522BE0E65007DF927 /* SlideshowApp */,
				ACFCB12922BE0E66007DF927 /* SlideshowAppTests */,
				ACFCB13422BE0E66007DF927 /* SlideshowAppUITests */,
			);
		};
/* End PBXProject section */

/* Begin PBXResourcesBuildPhase section */
		ACFCB11422BE0E65007DF927 /* Resources */ = {
			isa = PBXResourcesBuildPhase;
			buildActionMask = 2147483647;
			files = (
				ACFCB15022BE102A007DF927 /* canon.JPG in Resources */,
				ACFCB14A22BE1014007DF927 /* IMG_0966.JPG in Resources */,
				ACFCB14C22BE101F007DF927 /* fukuro.JPG in Resources */,
				ACFCB12422BE0E66007DF927 /* LaunchScreen.storyboard in Resources */,
				ACFCB14E22BE1024007DF927 /* jeans.JPG in Resources */,
				ACFCB12122BE0E66007DF927 /* Assets.xcassets in Resources */,
				ACFCB11F22BE0E65007DF927 /* Main.storyboard in Resources */,
			);
			runOnlyForDeploymentPostprocessing = 0;
		};
		ACFCB12822BE0E66007DF927 /* Resources */ = {
			isa = PBXResourcesBuildPhase;
			buildActionMask = 2147483647;
			files = (
			);
			runOnlyForDeploymentPostprocessing = 0;
		};
		ACFCB13322BE0E66007DF927 /* Resources */ = {
			isa = PBXResourcesBuildPhase;
			buildActionMask = 2147483647;
			files = (
			);
			runOnlyForDeploymentPostprocessing = 0;
		};
/* End PBXResourcesBuildPhase section */

/* Begin PBXSourcesBuildPhase section */
		ACFCB11222BE0E65007DF927 /* Sources */ = {
			isa = PBXSourcesBuildPhase;
			buildActionMask = 2147483647;
			files = (
				ACFCB11C22BE0E65007DF927 /* ViewController.swift in Sources */,
				ACFCB11A22BE0E65007DF927 /* AppDelegate.swift in Sources */,
				ACFCB14822BE0EF8007DF927 /* pickViewController.swift in Sources */,
			);
			runOnlyForDeploymentPostprocessing = 0;
		};
		ACFCB12622BE0E66007DF927 /* Sources */ = {
			isa = PBXSourcesBuildPhase;
			buildActionMask = 2147483647;
			files = (
				ACFCB12F22BE0E66007DF927 /* SlideshowAppTests.swift in Sources */,
			);
			runOnlyForDeploymentPostprocessing = 0;
		};
		ACFCB13122BE0E66007DF927 /* Sources */ = {
			isa = PBXSourcesBuildPhase;
			buildActionMask = 2147483647;
			files = (
				ACFCB13A22BE0E66007DF927 /* SlideshowAppUITests.swift in Sources */,
			);
			runOnlyForDeploymentPostprocessing = 0;
		};
/* End PBXSourcesBuildPhase section */

/* Begin PBXTargetDependency section */
		ACFCB12C22BE0E66007DF927 /* PBXTargetDependency */ = {
			isa = PBXTargetDependency;
			target = ACFCB11522BE0E65007DF927 /* SlideshowApp */;
			targetProxy = ACFCB12B22BE0E66007DF927 /* PBXContainerItemProxy */;
		};
		ACFCB13722BE0E66007DF927 /* PBXTargetDependency */ = {
			isa = PBXTargetDependency;
			target = ACFCB11522BE0E65007DF927 /* SlideshowApp */;
			targetProxy = ACFCB13622BE0E66007DF927 /* PBXContainerItemProxy */;
		};
/* End PBXTargetDependency section */

/* Begin PBXVariantGroup section */
		ACFCB11D22BE0E65007DF927 /* Main.storyboard */ = {
			isa = PBXVariantGroup;
			children = (
				ACFCB11E22BE0E65007DF927 /* Base */,
			);
			name = Main.storyboard;
			sourceTree = "<group>";
		};
		ACFCB12222BE0E66007DF927 /* LaunchScreen.storyboard */ = {
			isa = PBXVariantGroup;
			children = (
				ACFCB12322BE0E66007DF927 /* Base */,
			);
			name = LaunchScreen.storyboard;
			sourceTree = "<group>";
		};
/* End PBXVariantGroup section */

/* Begin XCBuildConfiguration section */
		ACFCB13C22BE0E66007DF927 /* Debug */ = {
			isa = XCBuildConfiguration;
			buildSettings = {
				ALWAYS_SEARCH_USER_PATHS = NO;
				CLANG_ANALYZER_NONNULL = YES;
				CLANG_ANALYZER_NUMBER_OBJECT_CONVERSION = YES_AGGRESSIVE;
				CLANG_CXX_LANGUAGE_STANDARD = "gnu++14";
				CLANG_CXX_LIBRARY = "libc++";
				CLANG_ENABLE_MODULES = YES;
				CLANG_ENABLE_OBJC_ARC = YES;
				CLANG_ENABLE_OBJC_WEAK = YES;
				CLANG_WARN_BLOCK_CAPTURE_AUTORELEASING = YES;
				CLANG_WARN_BOOL_CONVERSION = YES;
				CLANG_WARN_COMMA = YES;
				CLANG_WARN_CONSTANT_CONVERSION = YES;
				CLANG_WARN_DEPRECATED_OBJC_IMPLEMENTATIONS = YES;
				CLANG_WARN_DIRECT_OBJC_ISA_USAGE = YES_ERROR;
				CLANG_WARN_DOCUMENTATION_COMMENTS = YES;
				CLANG_WARN_EMPTY_BODY = YES;
				CLANG_WARN_ENUM_CONVERSION = YES;
				CLANG_WARN_INFINITE_RECURSION = YES;
				CLANG_WARN_INT_CONVERSION = YES;
				CLANG_WARN_NON_LITERAL_NULL_CONVERSION = YES;
				CLANG_WARN_OBJC_IMPLICIT_RETAIN_SELF = YES;
				CLANG_WARN_OBJC_LITERAL_CONVERSION = YES;
				CLANG_WARN_OBJC_ROOT_CLASS = YES_ERROR;
				CLANG_WARN_RANGE_LOOP_ANALYSIS = YES;
				CLANG_WARN_STRICT_PROTOTYPES = YES;
				CLANG_WARN_SUSPICIOUS_MOVE = YES;
				CLANG_WARN_UNGUARDED_AVAILABILITY = YES_AGGRESSIVE;
				CLANG_WARN_UNREACHABLE_CODE = YES;
				CLANG_WARN__DUPLICATE_METHOD_MATCH = YES;
				CODE_SIGN_IDENTITY = "iPhone Developer";
				COPY_PHASE_STRIP = NO;
				DEBUG_INFORMATION_FORMAT = dwarf;
				ENABLE_STRICT_OBJC_MSGSEND = YES;
				ENABLE_TESTABILITY = YES;
				GCC_C_LANGUAGE_STANDARD = gnu11;
				GCC_DYNAMIC_NO_PIC = NO;
				GCC_NO_COMMON_BLOCKS = YES;
				GCC_OPTIMIZATION_LEVEL = 0;
				GCC_PREPROCESSOR_DEFINITIONS = (
					"DEBUG=1",
					"$(inherited)",
				);
				GCC_WARN_64_TO_32_BIT_CONVERSION = YES;
				GCC_WARN_ABOUT_RETURN_TYPE = YES_ERROR;
				GCC_WARN_UNDECLARED_SELECTOR = YES;
				GCC_WARN_UNINITIALIZED_AUTOS = YES_AGGRESSIVE;
				GCC_WARN_UNUSED_FUNCTION = YES;
				GCC_WARN_UNUSED_VARIABLE = YES;
				IPHONEOS_DEPLOYMENT_TARGET = 12.1;
				MTL_ENABLE_DEBUG_INFO = INCLUDE_SOURCE;
				MTL_FAST_MATH = YES;
				ONLY_ACTIVE_ARCH = YES;
				SDKROOT = iphoneos;
				SWIFT_ACTIVE_COMPILATION_CONDITIONS = DEBUG;
				SWIFT_OPTIMIZATION_LEVEL = "-Onone";
			};
			name = Debug;
		};
		ACFCB13D22BE0E66007DF927 /* Release */ = {
			isa = XCBuildConfiguration;
			buildSettings = {
				ALWAYS_SEARCH_USER_PATHS = NO;
				CLANG_ANALYZER_NONNULL = YES;
				CLANG_ANALYZER_NUMBER_OBJECT_CONVERSION = YES_AGGRESSIVE;
				CLANG_CXX_LANGUAGE_STANDARD = "gnu++14";
				CLANG_CXX_LIBRARY = "libc++";
				CLANG_ENABLE_MODULES = YES;
				CLANG_ENABLE_OBJC_ARC = YES;
				CLANG_ENABLE_OBJC_WEAK = YES;
				CLANG_WARN_BLOCK_CAPTURE_AUTORELEASING = YES;
				CLANG_WARN_BOOL_CONVERSION = YES;
				CLANG_WARN_COMMA = YES;
				CLANG_WARN_CONSTANT_CONVERSION = YES;
				CLANG_WARN_DEPRECATED_OBJC_IMPLEMENTATIONS = YES;
				CLANG_WARN_DIRECT_OBJC_ISA_USAGE = YES_ERROR;
				CLANG_WARN_DOCUMENTATION_COMMENTS = YES;
				CLANG_WARN_EMPTY_BODY = YES;
				CLANG_WARN_ENUM_CONVERSION = YES;
				CLANG_WARN_INFINITE_RECURSION = YES;
				CLANG_WARN_INT_CONVERSION = YES;
				CLANG_WARN_NON_LITERAL_NULL_CONVERSION = YES;
				CLANG_WARN_OBJC_IMPLICIT_RETAIN_SELF = YES;
				CLANG_WARN_OBJC_LITERAL_CONVERSION = YES;
				CLANG_WARN_OBJC_ROOT_CLASS = YES_ERROR;
				CLANG_WARN_RANGE_LOOP_ANALYSIS = YES;
				CLANG_WARN_STRICT_PROTOTYPES = YES;
				CLANG_WARN_SUSPICIOUS_MOVE = YES;
				CLANG_WARN_UNGUARDED_AVAILABILITY = YES_AGGRESSIVE;
				CLANG_WARN_UNREACHABLE_CODE = YES;
				CLANG_WARN__DUPLICATE_METHOD_MATCH = YES;
				CODE_SIGN_IDENTITY = "iPhone Developer";
				COPY_PHASE_STRIP = NO;
				DEBUG_INFORMATION_FORMAT = "dwarf-with-dsym";
				ENABLE_NS_ASSERTIONS = NO;
				ENABLE_STRICT_OBJC_MSGSEND = YES;
				GCC_C_LANGUAGE_STANDARD = gnu11;
				GCC_NO_COMMON_BLOCKS = YES;
				GCC_WARN_64_TO_32_BIT_CONVERSION = YES;
				GCC_WARN_ABOUT_RETURN_TYPE = YES_ERROR;
				GCC_WARN_UNDECLARED_SELECTOR = YES;
				GCC_WARN_UNINITIALIZED_AUTOS = YES_AGGRESSIVE;
				GCC_WARN_UNUSED_FUNCTION = YES;
				GCC_WARN_UNUSED_VARIABLE = YES;
				IPHONEOS_DEPLOYMENT_TARGET = 12.1;
				MTL_ENABLE_DEBUG_INFO = NO;
				MTL_FAST_MATH = YES;
				SDKROOT = iphoneos;
				SWIFT_COMPILATION_MODE = wholemodule;
				SWIFT_OPTIMIZATION_LEVEL = "-O";
				VALIDATE_PRODUCT = YES;
			};
			name = Release;
		};
		ACFCB13F22BE0E66007DF927 /* Debug */ = {
			isa = XCBuildConfiguration;
			buildSettings = {
				ASSETCATALOG_COMPILER_APPICON_NAME = AppIcon;
				CODE_SIGN_STYLE = Automatic;
				INFOPLIST_FILE = SlideshowApp/Info.plist;
				LD_RUNPATH_SEARCH_PATHS = (
					"$(inherited)",
					"@executable_path/Frameworks",
				);
				PRODUCT_BUNDLE_IDENTIFIER = jp.techacademy.hinata10.SlideshowApp;
				PRODUCT_NAME = "$(TARGET_NAME)";
				SWIFT_VERSION = 4.2;
				TARGETED_DEVICE_FAMILY = "1,2";
			};
			name = Debug;
		};
		ACFCB14022BE0E66007DF927 /* Release */ = {
			isa = XCBuildConfiguration;
			buildSettings = {
				ASSETCATALOG_COMPILER_APPICON_NAME = AppIcon;
				CODE_SIGN_STYLE = Automatic;
				INFOPLIST_FILE = SlideshowApp/Info.plist;
				LD_RUNPATH_SEARCH_PATHS = (
					"$(inherited)",
					"@executable_path/Frameworks",
				);
				PRODUCT_BUNDLE_IDENTIFIER = jp.techacademy.hinata10.SlideshowApp;
				PRODUCT_NAME = "$(TARGET_NAME)";
				SWIFT_VERSION = 4.2;
				TARGETED_DEVICE_FAMILY = "1,2";
			};
			name = Release;
		};
		ACFCB14222BE0E66007DF927 /* Debug */ = {
			isa = XCBuildConfiguration;
			buildSettings = {
				ALWAYS_EMBED_SWIFT_STANDARD_LIBRARIES = YES;
				BUNDLE_LOADER = "$(TEST_HOST)";
				CODE_SIGN_STYLE = Automatic;
				INFOPLIST_FILE = SlideshowAppTests/Info.plist;
				LD_RUNPATH_SEARCH_PATHS = (
					"$(inherited)",
					"@executable_path/Frameworks",
					"@loader_path/Frameworks",
				);
				PRODUCT_BUNDLE_IDENTIFIER = jp.techacademy.hinata10.SlideshowAppTests;
				PRODUCT_NAME = "$(TARGET_NAME)";
				SWIFT_VERSION = 4.2;
				TARGETED_DEVICE_FAMILY = "1,2";
				TEST_HOST = "$(BUILT_PRODUCTS_DIR)/SlideshowApp.app/SlideshowApp";
			};
			name = Debug;
		};
		ACFCB14322BE0E66007DF927 /* Release */ = {
			isa = XCBuildConfiguration;
			buildSettings = {
				ALWAYS_EMBED_SWIFT_STANDARD_LIBRARIES = YES;
				BUNDLE_LOADER = "$(TEST_HOST)";
				CODE_SIGN_STYLE = Automatic;
				INFOPLIST_FILE = SlideshowAppTests/Info.plist;
				LD_RUNPATH_SEARCH_PATHS = (
					"$(inherited)",
					"@executable_path/Frameworks",
					"@loader_path/Frameworks",
				);
				PRODUCT_BUNDLE_IDENTIFIER = jp.techacademy.hinata10.SlideshowAppTests;
				PRODUCT_NAME = "$(TARGET_NAME)";
				SWIFT_VERSION = 4.2;
				TARGETED_DEVICE_FAMILY = "1,2";
				TEST_HOST = "$(BUILT_PRODUCTS_DIR)/SlideshowApp.app/SlideshowApp";
			};
			name = Release;
		};
		ACFCB14522BE0E66007DF927 /* Debug */ = {
			isa = XCBuildConfiguration;
			buildSettings = {
				ALWAYS_EMBED_SWIFT_STANDARD_LIBRARIES = YES;
				CODE_SIGN_STYLE = Automatic;
				INFOPLIST_FILE = SlideshowAppUITests/Info.plist;
				LD_RUNPATH_SEARCH_PATHS = (
					"$(inherited)",
					"@executable_path/Frameworks",
					"@loader_path/Frameworks",
				);
				PRODUCT_BUNDLE_IDENTIFIER = jp.techacademy.hinata10.SlideshowAppUITests;
				PRODUCT_NAME = "$(TARGET_NAME)";
				SWIFT_VERSION = 4.2;
				TARGETED_DEVICE_FAMILY = "1,2";
				TEST_TARGET_NAME = SlideshowApp;
			};
			name = Debug;
		};
		ACFCB14622BE0E66007DF927 /* Release */ = {
			isa = XCBuildConfiguration;
			buildSettings = {
				ALWAYS_EMBED_SWIFT_STANDARD_LIBRARIES = YES;
				CODE_SIGN_STYLE = Automatic;
				INFOPLIST_FILE = SlideshowAppUITests/Info.plist;
				LD_RUNPATH_SEARCH_PATHS = (
					"$(inherited)",
					"@executable_path/Frameworks",
					"@loader_path/Frameworks",
				);
				PRODUCT_BUNDLE_IDENTIFIER = jp.techacademy.hinata10.SlideshowAppUITests;
				PRODUCT_NAME = "$(TARGET_NAME)";
				SWIFT_VERSION = 4.2;
				TARGETED_DEVICE_FAMILY = "1,2";
				TEST_TARGET_NAME = SlideshowApp;
			};
			name = Release;
		};
/* End XCBuildConfiguration section */

/* Begin XCConfigurationList section */
		ACFCB11122BE0E65007DF927 /* Build configuration list for PBXProject "SlideshowApp" */ = {
			isa = XCConfigurationList;
			buildConfigurations = (
				ACFCB13C22BE0E66007DF927 /* Debug */,
				ACFCB13D22BE0E66007DF927 /* Release */,
			);
			defaultConfigurationIsVisible = 0;
			defaultConfigurationName = Release;
		};
		ACFCB13E22BE0E66007DF927 /* Build configuration list for PBXNativeTarget "SlideshowApp" */ = {
			isa = XCConfigurationList;
			buildConfigurations = (
				ACFCB13F22BE0E66007DF927 /* Debug */,
				ACFCB14022BE0E66007DF927 /* Release */,
			);
			defaultConfigurationIsVisible = 0;
			defaultConfigurationName = Release;
		};
		ACFCB14122BE0E66007DF927 /* Build configuration list for PBXNativeTarget "SlideshowAppTests" */ = {
			isa = XCConfigurationList;
			buildConfigurations = (
				ACFCB14222BE0E66007DF927 /* Debug */,
				ACFCB14322BE0E66007DF927 /* Release */,
			);
			defaultConfigurationIsVisible = 0;
			defaultConfigurationName = Release;
		};
		ACFCB14422BE0E66007DF927 /* Build configuration list for PBXNativeTarget "SlideshowAppUITests" */ = {
			isa = XCConfigurationList;
			buildConfigurations = (
				ACFCB14522BE0E66007DF927 /* Debug */,
				ACFCB14622BE0E66007DF927 /* Release */,
			);
			defaultConfigurationIsVisible = 0;
			defaultConfigurationName = Release;
		};
/* End XCConfigurationList section */
	};
	rootObject = ACFCB10E22BE0E65007DF927 /* Project object */;
}
